// !$*UTF8*$!
{
	archiveVersion = 1;
	classes = {
	};
	objectVersion = 56;
	objects = {

/* Begin PBXBuildFile section */
		9E29D2372C4B053200060EBF /* IMCView.swift in Sources */ = {isa = PBXBuildFile; fileRef = 9E29D2362C4B053200060EBF /* IMCView.swift */; };
		9E44A29C2C49F36D00685849 /* TextFieldExample.swift in Sources */ = {isa = PBXBuildFile; fileRef = 9E44A29B2C49F36D00685849 /* TextFieldExample.swift */; };
		9E44A29E2C4A091000685849 /* MenuView.swift in Sources */ = {isa = PBXBuildFile; fileRef = 9E44A29D2C4A091000685849 /* MenuView.swift */; };
		9E459C932C48832E0040B9D2 /* FirstAppApp.swift in Sources */ = {isa = PBXBuildFile; fileRef = 9E459C922C48832E0040B9D2 /* FirstAppApp.swift */; };
		9E459C952C48832E0040B9D2 /* Exercice1.swift in Sources */ = {isa = PBXBuildFile; fileRef = 9E459C942C48832E0040B9D2 /* Exercice1.swift */; };
		9E459C972C48832F0040B9D2 /* Assets.xcassets in Resources */ = {isa = PBXBuildFile; fileRef = 9E459C962C48832F0040B9D2 /* Assets.xcassets */; };
		9E459C9A2C48832F0040B9D2 /* Preview Assets.xcassets in Resources */ = {isa = PBXBuildFile; fileRef = 9E459C992C48832F0040B9D2 /* Preview Assets.xcassets */; };
		9E459CA22C4891750040B9D2 /* MainView.swift in Sources */ = {isa = PBXBuildFile; fileRef = 9E459CA12C4891750040B9D2 /* MainView.swift */; };
		9E84E87E2C4C23E1004ED6E9 /* IMCResultView.swift in Sources */ = {isa = PBXBuildFile; fileRef = 9E84E87D2C4C23E1004ED6E9 /* IMCResultView.swift */; };
		9E84E8812C4C42AF004ED6E9 /* SuperHeroFinder.swift in Sources */ = {isa = PBXBuildFile; fileRef = 9E84E8802C4C42AF004ED6E9 /* SuperHeroFinder.swift */; };
		9E84E8832C4C50DD004ED6E9 /* ApiNetwork.swift in Sources */ = {isa = PBXBuildFile; fileRef = 9E84E8822C4C50DD004ED6E9 /* ApiNetwork.swift */; };
		9E84E8862C4C6129004ED6E9 /* SDWebImageSwiftUI in Frameworks */ = {isa = PBXBuildFile; productRef = 9E84E8852C4C6129004ED6E9 /* SDWebImageSwiftUI */; };
		9E84E8882C4D6C99004ED6E9 /* SuperHeroDetail.swift in Sources */ = {isa = PBXBuildFile; fileRef = 9E84E8872C4D6C99004ED6E9 /* SuperHeroDetail.swift */; };
		9E84E88B2C4DA1EB004ED6E9 /* FavPlaces.swift in Sources */ = {isa = PBXBuildFile; fileRef = 9E84E88A2C4DA1EB004ED6E9 /* FavPlaces.swift */; };
		9EDD38042C505A370076963C /* Place.swift in Sources */ = {isa = PBXBuildFile; fileRef = 9EDD38032C505A370076963C /* Place.swift */; };
		9EDD38072C505CCE0076963C /* CustomDialog.swift in Sources */ = {isa = PBXBuildFile; fileRef = 9EDD38062C505CCE0076963C /* CustomDialog.swift */; };
/* End PBXBuildFile section */

/* Begin PBXFileReference section */
		9E29D2362C4B053200060EBF /* IMCView.swift */ = {isa = PBXFileReference; lastKnownFileType = sourcecode.swift; path = IMCView.swift; sourceTree = "<group>"; };
		9E44A29B2C49F36D00685849 /* TextFieldExample.swift */ = {isa = PBXFileReference; lastKnownFileType = sourcecode.swift; path = TextFieldExample.swift; sourceTree = "<group>"; };
		9E44A29D2C4A091000685849 /* MenuView.swift */ = {isa = PBXFileReference; lastKnownFileType = sourcecode.swift; path = MenuView.swift; sourceTree = "<group>"; };
		9E459C8F2C48832E0040B9D2 /* FirstApp.app */ = {isa = PBXFileReference; explicitFileType = wrapper.application; includeInIndex = 0; path = FirstApp.app; sourceTree = BUILT_PRODUCTS_DIR; };
		9E459C922C48832E0040B9D2 /* FirstAppApp.swift */ = {isa = PBXFileReference; lastKnownFileType = sourcecode.swift; path = FirstAppApp.swift; sourceTree = "<group>"; };
		9E459C942C48832E0040B9D2 /* Exercice1.swift */ = {isa = PBXFileReference; lastKnownFileType = sourcecode.swift; path = Exercice1.swift; sourceTree = "<group>"; };
		9E459C962C48832F0040B9D2 /* Assets.xcassets */ = {isa = PBXFileReference; lastKnownFileType = folder.assetcatalog; path = Assets.xcassets; sourceTree = "<group>"; };
		9E459C992C48832F0040B9D2 /* Preview Assets.xcassets */ = {isa = PBXFileReference; lastKnownFileType = folder.assetcatalog; path = "Preview Assets.xcassets"; sourceTree = "<group>"; };
		9E459CA12C4891750040B9D2 /* MainView.swift */ = {isa = PBXFileReference; lastKnownFileType = sourcecode.swift; path = MainView.swift; sourceTree = "<group>"; };
		9E84E87D2C4C23E1004ED6E9 /* IMCResultView.swift */ = {isa = PBXFileReference; lastKnownFileType = sourcecode.swift; path = IMCResultView.swift; sourceTree = "<group>"; };
		9E84E8802C4C42AF004ED6E9 /* SuperHeroFinder.swift */ = {isa = PBXFileReference; lastKnownFileType = sourcecode.swift; path = SuperHeroFinder.swift; sourceTree = "<group>"; };
		9E84E8822C4C50DD004ED6E9 /* ApiNetwork.swift */ = {isa = PBXFileReference; lastKnownFileType = sourcecode.swift; path = ApiNetwork.swift; sourceTree = "<group>"; };
		9E84E8872C4D6C99004ED6E9 /* SuperHeroDetail.swift */ = {isa = PBXFileReference; lastKnownFileType = sourcecode.swift; path = SuperHeroDetail.swift; sourceTree = "<group>"; };
		9E84E88A2C4DA1EB004ED6E9 /* FavPlaces.swift */ = {isa = PBXFileReference; lastKnownFileType = sourcecode.swift; path = FavPlaces.swift; sourceTree = "<group>"; };
		9EDD38032C505A370076963C /* Place.swift */ = {isa = PBXFileReference; lastKnownFileType = sourcecode.swift; path = Place.swift; sourceTree = "<group>"; };
		9EDD38062C505CCE0076963C /* CustomDialog.swift */ = {isa = PBXFileReference; lastKnownFileType = sourcecode.swift; path = CustomDialog.swift; sourceTree = "<group>"; };
/* End PBXFileReference section */

/* Begin PBXFrameworksBuildPhase section */
		9E459C8C2C48832E0040B9D2 /* Frameworks */ = {
			isa = PBXFrameworksBuildPhase;
			buildActionMask = 2147483647;
			files = (
				9E84E8862C4C6129004ED6E9 /* SDWebImageSwiftUI in Frameworks */,
			);
			runOnlyForDeploymentPostprocessing = 0;
		};
/* End PBXFrameworksBuildPhase section */

/* Begin PBXGroup section */
		9E29D2352C4B051200060EBF /* IMC */ = {
			isa = PBXGroup;
			children = (
				9E29D2362C4B053200060EBF /* IMCView.swift */,
				9E84E87D2C4C23E1004ED6E9 /* IMCResultView.swift */,
			);
			path = IMC;
			sourceTree = "<group>";
		};
		9E459C862C48832E0040B9D2 = {
			isa = PBXGroup;
			children = (
				9E459C912C48832E0040B9D2 /* FirstApp */,
				9E459C902C48832E0040B9D2 /* Products */,
			);
			sourceTree = "<group>";
		};
		9E459C902C48832E0040B9D2 /* Products */ = {
			isa = PBXGroup;
			children = (
				9E459C8F2C48832E0040B9D2 /* FirstApp.app */,
			);
			name = Products;
			sourceTree = "<group>";
		};
		9E459C912C48832E0040B9D2 /* FirstApp */ = {
			isa = PBXGroup;
			children = (
				9E84E8892C4D9F4C004ED6E9 /* FavPlaces */,
				9E84E87F2C4C428D004ED6E9 /* SuperHero */,
				9E29D2352C4B051200060EBF /* IMC */,
				9E459CA02C4890D50040B9D2 /* Exercises */,
				9E459C922C48832E0040B9D2 /* FirstAppApp.swift */,
				9E44A29D2C4A091000685849 /* MenuView.swift */,
				9E459CA12C4891750040B9D2 /* MainView.swift */,
				9E459C962C48832F0040B9D2 /* Assets.xcassets */,
				9E459C982C48832F0040B9D2 /* Preview Content */,
			);
			path = FirstApp;
			sourceTree = "<group>";
		};
		9E459C982C48832F0040B9D2 /* Preview Content */ = {
			isa = PBXGroup;
			children = (
				9E459C992C48832F0040B9D2 /* Preview Assets.xcassets */,
			);
			path = "Preview Content";
			sourceTree = "<group>";
		};
		9E459CA02C4890D50040B9D2 /* Exercises */ = {
			isa = PBXGroup;
			children = (
				9E459C942C48832E0040B9D2 /* Exercice1.swift */,
				9E44A29B2C49F36D00685849 /* TextFieldExample.swift */,
			);
			path = Exercises;
			sourceTree = "<group>";
		};
		9E84E87F2C4C428D004ED6E9 /* SuperHero */ = {
			isa = PBXGroup;
			children = (
				9E84E8802C4C42AF004ED6E9 /* SuperHeroFinder.swift */,
				9E84E8872C4D6C99004ED6E9 /* SuperHeroDetail.swift */,
				9E84E8822C4C50DD004ED6E9 /* ApiNetwork.swift */,
			);
			path = SuperHero;
			sourceTree = "<group>";
		};
		9E84E8892C4D9F4C004ED6E9 /* FavPlaces */ = {
			isa = PBXGroup;
			children = (
				9EDD38052C505CB70076963C /* components */,
				9EDD38022C505A2A0076963C /* models */,
				9E84E88A2C4DA1EB004ED6E9 /* FavPlaces.swift */,
			);
			path = FavPlaces;
			sourceTree = "<group>";
		};
		9EDD38022C505A2A0076963C /* models */ = {
			isa = PBXGroup;
			children = (
				9EDD38032C505A370076963C /* Place.swift */,
			);
			path = models;
			sourceTree = "<group>";
		};
		9EDD38052C505CB70076963C /* components */ = {
			isa = PBXGroup;
			children = (
				9EDD38062C505CCE0076963C /* CustomDialog.swift */,
			);
			path = components;
			sourceTree = "<group>";
		};
/* End PBXGroup section */

/* Begin PBXNativeTarget section */
		9E459C8E2C48832E0040B9D2 /* FirstApp */ = {
			isa = PBXNativeTarget;
			buildConfigurationList = 9E459C9D2C48832F0040B9D2 /* Build configuration list for PBXNativeTarget "FirstApp" */;
			buildPhases = (
				9E459C8B2C48832E0040B9D2 /* Sources */,
				9E459C8C2C48832E0040B9D2 /* Frameworks */,
				9E459C8D2C48832E0040B9D2 /* Resources */,
			);
			buildRules = (
			);
			dependencies = (
			);
			name = FirstApp;
			packageProductDependencies = (
				9E84E8852C4C6129004ED6E9 /* SDWebImageSwiftUI */,
			);
			productName = FirstApp;
			productReference = 9E459C8F2C48832E0040B9D2 /* FirstApp.app */;
			productType = "com.apple.product-type.application";
		};
/* End PBXNativeTarget section */

/* Begin PBXProject section */
		9E459C872C48832E0040B9D2 /* Project object */ = {
			isa = PBXProject;
			attributes = {
				BuildIndependentTargetsInParallel = 1;
				LastSwiftUpdateCheck = 1540;
				LastUpgradeCheck = 1540;
				TargetAttributes = {
					9E459C8E2C48832E0040B9D2 = {
						CreatedOnToolsVersion = 15.4;
					};
				};
			};
			buildConfigurationList = 9E459C8A2C48832E0040B9D2 /* Build configuration list for PBXProject "FirstApp" */;
			compatibilityVersion = "Xcode 14.0";
			developmentRegion = en;
			hasScannedForEncodings = 0;
			knownRegions = (
				en,
				Base,
			);
			mainGroup = 9E459C862C48832E0040B9D2;
			packageReferences = (
				9E84E8842C4C6129004ED6E9 /* XCRemoteSwiftPackageReference "SDWebImageSwiftUI" */,
			);
			productRefGroup = 9E459C902C48832E0040B9D2 /* Products */;
			projectDirPath = "";
			projectRoot = "";
			targets = (
				9E459C8E2C48832E0040B9D2 /* FirstApp */,
			);
		};
/* End PBXProject section */

/* Begin PBXResourcesBuildPhase section */
		9E459C8D2C48832E0040B9D2 /* Resources */ = {
			isa = PBXResourcesBuildPhase;
			buildActionMask = 2147483647;
			files = (
				9E459C9A2C48832F0040B9D2 /* Preview Assets.xcassets in Resources */,
				9E459C972C48832F0040B9D2 /* Assets.xcassets in Resources */,
			);
			runOnlyForDeploymentPostprocessing = 0;
		};
/* End PBXResourcesBuildPhase section */

/* Begin PBXSourcesBuildPhase section */
		9E459C8B2C48832E0040B9D2 /* Sources */ = {
			isa = PBXSourcesBuildPhase;
			buildActionMask = 2147483647;
			files = (
				9EDD38072C505CCE0076963C /* CustomDialog.swift in Sources */,
				9E459C952C48832E0040B9D2 /* Exercice1.swift in Sources */,
				9E84E88B2C4DA1EB004ED6E9 /* FavPlaces.swift in Sources */,
				9E459CA22C4891750040B9D2 /* MainView.swift in Sources */,
				9EDD38042C505A370076963C /* Place.swift in Sources */,
				9E44A29C2C49F36D00685849 /* TextFieldExample.swift in Sources */,
				9E459C932C48832E0040B9D2 /* FirstAppApp.swift in Sources */,
				9E84E8882C4D6C99004ED6E9 /* SuperHeroDetail.swift in Sources */,
				9E29D2372C4B053200060EBF /* IMCView.swift in Sources */,
				9E84E8812C4C42AF004ED6E9 /* SuperHeroFinder.swift in Sources */,
				9E84E8832C4C50DD004ED6E9 /* ApiNetwork.swift in Sources */,
				9E84E87E2C4C23E1004ED6E9 /* IMCResultView.swift in Sources */,
				9E44A29E2C4A091000685849 /* MenuView.swift in Sources */,
			);
			runOnlyForDeploymentPostprocessing = 0;
		};
/* End PBXSourcesBuildPhase section */

/* Begin XCBuildConfiguration section */
		9E459C9B2C48832F0040B9D2 /* Debug */ = {
			isa = XCBuildConfiguration;
			buildSettings = {
				ALWAYS_SEARCH_USER_PATHS = NO;
				ASSETCATALOG_COMPILER_GENERATE_SWIFT_ASSET_SYMBOL_EXTENSIONS = YES;
				CLANG_ANALYZER_NONNULL = YES;
				CLANG_ANALYZER_NUMBER_OBJECT_CONVERSION = YES_AGGRESSIVE;
				CLANG_CXX_LANGUAGE_STANDARD = "gnu++20";
				CLANG_ENABLE_MODULES = YES;
				CLANG_ENABLE_OBJC_ARC = YES;
				CLANG_ENABLE_OBJC_WEAK = YES;
				CLANG_WARN_BLOCK_CAPTURE_AUTORELEASING = YES;
				CLANG_WARN_BOOL_CONVERSION = YES;
				CLANG_WARN_COMMA = YES;
				CLANG_WARN_CONSTANT_CONVERSION = YES;
				CLANG_WARN_DEPRECATED_OBJC_IMPLEMENTATIONS = YES;
				CLANG_WARN_DIRECT_OBJC_ISA_USAGE = YES_ERROR;
				CLANG_WARN_DOCUMENTATION_COMMENTS = YES;
				CLANG_WARN_EMPTY_BODY = YES;
				CLANG_WARN_ENUM_CONVERSION = YES;
				CLANG_WARN_INFINITE_RECURSION = YES;
				CLANG_WARN_INT_CONVERSION = YES;
				CLANG_WARN_NON_LITERAL_NULL_CONVERSION = YES;
				CLANG_WARN_OBJC_IMPLICIT_RETAIN_SELF = YES;
				CLANG_WARN_OBJC_LITERAL_CONVERSION = YES;
				CLANG_WARN_OBJC_ROOT_CLASS = YES_ERROR;
				CLANG_WARN_QUOTED_INCLUDE_IN_FRAMEWORK_HEADER = YES;
				CLANG_WARN_RANGE_LOOP_ANALYSIS = YES;
				CLANG_WARN_STRICT_PROTOTYPES = YES;
				CLANG_WARN_SUSPICIOUS_MOVE = YES;
				CLANG_WARN_UNGUARDED_AVAILABILITY = YES_AGGRESSIVE;
				CLANG_WARN_UNREACHABLE_CODE = YES;
				CLANG_WARN__DUPLICATE_METHOD_MATCH = YES;
				COPY_PHASE_STRIP = NO;
				DEBUG_INFORMATION_FORMAT = dwarf;
				ENABLE_STRICT_OBJC_MSGSEND = YES;
				ENABLE_TESTABILITY = YES;
				ENABLE_USER_SCRIPT_SANDBOXING = YES;
				GCC_C_LANGUAGE_STANDARD = gnu17;
				GCC_DYNAMIC_NO_PIC = NO;
				GCC_NO_COMMON_BLOCKS = YES;
				GCC_OPTIMIZATION_LEVEL = 0;
				GCC_PREPROCESSOR_DEFINITIONS = (
					"DEBUG=1",
					"$(inherited)",
				);
				GCC_WARN_64_TO_32_BIT_CONVERSION = YES;
				GCC_WARN_ABOUT_RETURN_TYPE = YES_ERROR;
				GCC_WARN_UNDECLARED_SELECTOR = YES;
				GCC_WARN_UNINITIALIZED_AUTOS = YES_AGGRESSIVE;
				GCC_WARN_UNUSED_FUNCTION = YES;
				GCC_WARN_UNUSED_VARIABLE = YES;
				IPHONEOS_DEPLOYMENT_TARGET = 17.5;
				LOCALIZATION_PREFERS_STRING_CATALOGS = YES;
				MTL_ENABLE_DEBUG_INFO = INCLUDE_SOURCE;
				MTL_FAST_MATH = YES;
				ONLY_ACTIVE_ARCH = YES;
				SDKROOT = iphoneos;
				SWIFT_ACTIVE_COMPILATION_CONDITIONS = "DEBUG $(inherited)";
				SWIFT_OPTIMIZATION_LEVEL = "-Onone";
			};
			name = Debug;
		};
		9E459C9C2C48832F0040B9D2 /* Release */ = {
			isa = XCBuildConfiguration;
			buildSettings = {
				ALWAYS_SEARCH_USER_PATHS = NO;
				ASSETCATALOG_COMPILER_GENERATE_SWIFT_ASSET_SYMBOL_EXTENSIONS = YES;
				CLANG_ANALYZER_NONNULL = YES;
				CLANG_ANALYZER_NUMBER_OBJECT_CONVERSION = YES_AGGRESSIVE;
				CLANG_CXX_LANGUAGE_STANDARD = "gnu++20";
				CLANG_ENABLE_MODULES = YES;
				CLANG_ENABLE_OBJC_ARC = YES;
				CLANG_ENABLE_OBJC_WEAK = YES;
				CLANG_WARN_BLOCK_CAPTURE_AUTORELEASING = YES;
				CLANG_WARN_BOOL_CONVERSION = YES;
				CLANG_WARN_COMMA = YES;
				CLANG_WARN_CONSTANT_CONVERSION = YES;
				CLANG_WARN_DEPRECATED_OBJC_IMPLEMENTATIONS = YES;
				CLANG_WARN_DIRECT_OBJC_ISA_USAGE = YES_ERROR;
				CLANG_WARN_DOCUMENTATION_COMMENTS = YES;
				CLANG_WARN_EMPTY_BODY = YES;
				CLANG_WARN_ENUM_CONVERSION = YES;
				CLANG_WARN_INFINITE_RECURSION = YES;
				CLANG_WARN_INT_CONVERSION = YES;
				CLANG_WARN_NON_LITERAL_NULL_CONVERSION = YES;
				CLANG_WARN_OBJC_IMPLICIT_RETAIN_SELF = YES;
				CLANG_WARN_OBJC_LITERAL_CONVERSION = YES;
				CLANG_WARN_OBJC_ROOT_CLASS = YES_ERROR;
				CLANG_WARN_QUOTED_INCLUDE_IN_FRAMEWORK_HEADER = YES;
				CLANG_WARN_RANGE_LOOP_ANALYSIS = YES;
				CLANG_WARN_STRICT_PROTOTYPES = YES;
				CLANG_WARN_SUSPICIOUS_MOVE = YES;
				CLANG_WARN_UNGUARDED_AVAILABILITY = YES_AGGRESSIVE;
				CLANG_WARN_UNREACHABLE_CODE = YES;
				CLANG_WARN__DUPLICATE_METHOD_MATCH = YES;
				COPY_PHASE_STRIP = NO;
				DEBUG_INFORMATION_FORMAT = "dwarf-with-dsym";
				ENABLE_NS_ASSERTIONS = NO;
				ENABLE_STRICT_OBJC_MSGSEND = YES;
				ENABLE_USER_SCRIPT_SANDBOXING = YES;
				GCC_C_LANGUAGE_STANDARD = gnu17;
				GCC_NO_COMMON_BLOCKS = YES;
				GCC_WARN_64_TO_32_BIT_CONVERSION = YES;
				GCC_WARN_ABOUT_RETURN_TYPE = YES_ERROR;
				GCC_WARN_UNDECLARED_SELECTOR = YES;
				GCC_WARN_UNINITIALIZED_AUTOS = YES_AGGRESSIVE;
				GCC_WARN_UNUSED_FUNCTION = YES;
				GCC_WARN_UNUSED_VARIABLE = YES;
				IPHONEOS_DEPLOYMENT_TARGET = 17.5;
				LOCALIZATION_PREFERS_STRING_CATALOGS = YES;
				MTL_ENABLE_DEBUG_INFO = NO;
				MTL_FAST_MATH = YES;
				SDKROOT = iphoneos;
				SWIFT_COMPILATION_MODE = wholemodule;
				VALIDATE_PRODUCT = YES;
			};
			name = Release;
		};
		9E459C9E2C48832F0040B9D2 /* Debug */ = {
			isa = XCBuildConfiguration;
			buildSettings = {
				ASSETCATALOG_COMPILER_APPICON_NAME = AppIcon;
				ASSETCATALOG_COMPILER_GLOBAL_ACCENT_COLOR_NAME = AccentColor;
				CODE_SIGN_STYLE = Automatic;
				CURRENT_PROJECT_VERSION = 1;
				DEVELOPMENT_ASSET_PATHS = "\"FirstApp/Preview Content\"";
				DEVELOPMENT_TEAM = QM8NLDC549;
				ENABLE_PREVIEWS = YES;
				GENERATE_INFOPLIST_FILE = YES;
				INFOPLIST_KEY_UIApplicationSceneManifest_Generation = YES;
				INFOPLIST_KEY_UIApplicationSupportsIndirectInputEvents = YES;
				INFOPLIST_KEY_UILaunchScreen_Generation = YES;
				INFOPLIST_KEY_UISupportedInterfaceOrientations_iPad = "UIInterfaceOrientationPortrait UIInterfaceOrientationPortraitUpsideDown UIInterfaceOrientationLandscapeLeft UIInterfaceOrientationLandscapeRight";
				INFOPLIST_KEY_UISupportedInterfaceOrientations_iPhone = "UIInterfaceOrientationPortrait UIInterfaceOrientationLandscapeLeft UIInterfaceOrientationLandscapeRight";
				LD_RUNPATH_SEARCH_PATHS = (
					"$(inherited)",
					"@executable_path/Frameworks",
				);
				MARKETING_VERSION = 1.0;
				PRODUCT_BUNDLE_IDENTIFIER = com.sebastiannarvaez.FirstApp;
				PRODUCT_NAME = "$(TARGET_NAME)";
				SWIFT_EMIT_LOC_STRINGS = YES;
				SWIFT_VERSION = 5.0;
				TARGETED_DEVICE_FAMILY = "1,2";
			};
			name = Debug;
		};
		9E459C9F2C48832F0040B9D2 /* Release */ = {
			isa = XCBuildConfiguration;
			buildSettings = {
				ASSETCATALOG_COMPILER_APPICON_NAME = AppIcon;
				ASSETCATALOG_COMPILER_GLOBAL_ACCENT_COLOR_NAME = AccentColor;
				CODE_SIGN_STYLE = Automatic;
				CURRENT_PROJECT_VERSION = 1;
				DEVELOPMENT_ASSET_PATHS = "\"FirstApp/Preview Content\"";
				DEVELOPMENT_TEAM = QM8NLDC549;
				ENABLE_PREVIEWS = YES;
				GENERATE_INFOPLIST_FILE = YES;
				INFOPLIST_KEY_UIApplicationSceneManifest_Generation = YES;
				INFOPLIST_KEY_UIApplicationSupportsIndirectInputEvents = YES;
				INFOPLIST_KEY_UILaunchScreen_Generation = YES;
				INFOPLIST_KEY_UISupportedInterfaceOrientations_iPad = "UIInterfaceOrientationPortrait UIInterfaceOrientationPortraitUpsideDown UIInterfaceOrientationLandscapeLeft UIInterfaceOrientationLandscapeRight";
				INFOPLIST_KEY_UISupportedInterfaceOrientations_iPhone = "UIInterfaceOrientationPortrait UIInterfaceOrientationLandscapeLeft UIInterfaceOrientationLandscapeRight";
				LD_RUNPATH_SEARCH_PATHS = (
					"$(inherited)",
					"@executable_path/Frameworks",
				);
				MARKETING_VERSION = 1.0;
				PRODUCT_BUNDLE_IDENTIFIER = com.sebastiannarvaez.FirstApp;
				PRODUCT_NAME = "$(TARGET_NAME)";
				SWIFT_EMIT_LOC_STRINGS = YES;
				SWIFT_VERSION = 5.0;
				TARGETED_DEVICE_FAMILY = "1,2";
			};
			name = Release;
		};
/* End XCBuildConfiguration section */

/* Begin XCConfigurationList section */
		9E459C8A2C48832E0040B9D2 /* Build configuration list for PBXProject "FirstApp" */ = {
			isa = XCConfigurationList;
			buildConfigurations = (
				9E459C9B2C48832F0040B9D2 /* Debug */,
				9E459C9C2C48832F0040B9D2 /* Release */,
			);
			defaultConfigurationIsVisible = 0;
			defaultConfigurationName = Release;
		};
		9E459C9D2C48832F0040B9D2 /* Build configuration list for PBXNativeTarget "FirstApp" */ = {
			isa = XCConfigurationList;
			buildConfigurations = (
				9E459C9E2C48832F0040B9D2 /* Debug */,
				9E459C9F2C48832F0040B9D2 /* Release */,
			);
			defaultConfigurationIsVisible = 0;
			defaultConfigurationName = Release;
		};
/* End XCConfigurationList section */

/* Begin XCRemoteSwiftPackageReference section */
		9E84E8842C4C6129004ED6E9 /* XCRemoteSwiftPackageReference "SDWebImageSwiftUI" */ = {
			isa = XCRemoteSwiftPackageReference;
			repositoryURL = "https://github.com/SDWebImage/SDWebImageSwiftUI";
			requirement = {
				kind = upToNextMajorVersion;
				minimumVersion = 3.1.1;
			};
		};
/* End XCRemoteSwiftPackageReference section */

/* Begin XCSwiftPackageProductDependency section */
		9E84E8852C4C6129004ED6E9 /* SDWebImageSwiftUI */ = {
			isa = XCSwiftPackageProductDependency;
			package = 9E84E8842C4C6129004ED6E9 /* XCRemoteSwiftPackageReference "SDWebImageSwiftUI" */;
			productName = SDWebImageSwiftUI;
		};
/* End XCSwiftPackageProductDependency section */
	};
	rootObject = 9E459C872C48832E0040B9D2 /* Project object */;
}
